
Microsoft Visual Studio Solution File, Format Version 12.00
# Visual Studio Version 16
VisualStudioVersion = 16.0.29409.12
MinimumVisualStudioVersion = 10.0.40219.1
Project("{FAE04EC0-301F-11D3-BF4B-00C04F79EFBC}") = "Enum", "Enum\Enum.csproj", "{D2762BDD-266D-459C-8EC4-289F86CD9B9E}"
EndProject
Global
	GlobalSection(SolutionConfigurationPlatforms) = preSolution
		Debug|Any CPU = Debug|Any CPU
		Release|Any CPU = Release|Any CPU
	EndGlobalSection
	GlobalSection(ProjectConfigurationPlatforms) = postSolution
		{D2762BDD-266D-459C-8EC4-289F86CD9B9E}.Debug|Any CPU.ActiveCfg = Debug|Any CPU
		{D2762BDD-266D-459C-8EC4-289F86CD9B9E}.Debug|Any CPU.Build.0 = Debug|Any CPU
		{D2762BDD-266D-459C-8EC4-289F86CD9B9E}.Release|Any CPU.ActiveCfg = Release|Any CPU
		{D2762BDD-266D-459C-8EC4-289F86CD9B9E}.Release|Any CPU.Build.0 = Release|Any CPU
	EndGlobalSection
	GlobalSection(SolutionProperties) = preSolution
		HideSolutionNode = FALSE
	EndGlobalSection
	GlobalSection(ExtensibilityGlobals) = postSolution
		SolutionGuid = {820B34D6-E733-4CE2-92BD-C7B8F556CA3E}
	EndGlobalSection
EndGlobal
