
Microsoft Visual Studio Solution File, Format Version 12.00
# Visual Studio Version 16
VisualStudioVersion = 16.0.29409.12
MinimumVisualStudioVersion = 10.0.40219.1
Project("{FAE04EC0-301F-11D3-BF4B-00C04F79EFBC}") = "CheatSheet1", "CheatSheet1\CheatSheet1.csproj", "{148ED6EC-7F05-4E43-86CA-AA287DF18E0C}"
EndProject
Global
	GlobalSection(SolutionConfigurationPlatforms) = preSolution
		Debug|Any CPU = Debug|Any CPU
		Release|Any CPU = Release|Any CPU
	EndGlobalSection
	GlobalSection(ProjectConfigurationPlatforms) = postSolution
		{148ED6EC-7F05-4E43-86CA-AA287DF18E0C}.Debug|Any CPU.ActiveCfg = Debug|Any CPU
		{148ED6EC-7F05-4E43-86CA-AA287DF18E0C}.Debug|Any CPU.Build.0 = Debug|Any CPU
		{148ED6EC-7F05-4E43-86CA-AA287DF18E0C}.Release|Any CPU.ActiveCfg = Release|Any CPU
		{148ED6EC-7F05-4E43-86CA-AA287DF18E0C}.Release|Any CPU.Build.0 = Release|Any CPU
	EndGlobalSection
	GlobalSection(SolutionProperties) = preSolution
		HideSolutionNode = FALSE
	EndGlobalSection
	GlobalSection(ExtensibilityGlobals) = postSolution
		SolutionGuid = {0BCDBBB3-A478-47E9-8ED2-BF8DC0206B6E}
	EndGlobalSection
EndGlobal
